
Microsoft Visual Studio Solution File, Format Version 12.00
# Visual Studio Version 16
VisualStudioVersion = 16.0.32002.261
MinimumVisualStudioVersion = 10.0.40219.1
Project("{8BC9CEB8-8B4A-11D0-8D11-00A0C91BC942}") = "MemoryAlloc", "MemoryAlloc.vcxproj", "{206A91B6-610F-48E3-9190-7AAAD1F8BE0D}"
EndProject
Global
	GlobalSection(SolutionConfigurationPlatforms) = preSolution
		Debug|x64 = Debug|x64
		Debug|x86 = Debug|x86
		Release|x64 = Release|x64
		Release|x86 = Release|x86
	EndGlobalSection
	GlobalSection(ProjectConfigurationPlatforms) = postSolution
		{206A91B6-610F-48E3-9190-7AAAD1F8BE0D}.Debug|x64.ActiveCfg = Debug|x64
		{206A91B6-610F-48E3-9190-7AAAD1F8BE0D}.Debug|x64.Build.0 = Debug|x64
		{206A91B6-610F-48E3-9190-7AAAD1F8BE0D}.Debug|x86.ActiveCfg = Debug|Win32
		{206A91B6-610F-48E3-9190-7AAAD1F8BE0D}.Debug|x86.Build.0 = Debug|Win32
		{206A91B6-610F-48E3-9190-7AAAD1F8BE0D}.Release|x64.ActiveCfg = Release|x64
		{206A91B6-610F-48E3-9190-7AAAD1F8BE0D}.Release|x64.Build.0 = Release|x64
		{206A91B6-610F-48E3-9190-7AAAD1F8BE0D}.Release|x86.ActiveCfg = Release|Win32
		{206A91B6-610F-48E3-9190-7AAAD1F8BE0D}.Release|x86.Build.0 = Release|Win32
	EndGlobalSection
	GlobalSection(SolutionProperties) = preSolution
		HideSolutionNode = FALSE
	EndGlobalSection
	GlobalSection(ExtensibilityGlobals) = postSolution
		SolutionGuid = {08AF4314-A6A8-4C07-B5C2-C56BD2294A26}
	EndGlobalSection
EndGlobal
