
Microsoft Visual Studio Solution File, Format Version 12.00
# Visual Studio Version 16
VisualStudioVersion = 16.0.32002.261
MinimumVisualStudioVersion = 10.0.40219.1
Project("{8BC9CEB8-8B4A-11D0-8D11-00A0C91BC942}") = "WxSampleApp", "WxSampleApp.vcxproj", "{B4EF18C4-1892-4597-AD21-BD15D24E1E4A}"
EndProject
Global
	GlobalSection(SolutionConfigurationPlatforms) = preSolution
		Debug|x64 = Debug|x64
		Release|x64 = Release|x64
	EndGlobalSection
	GlobalSection(ProjectConfigurationPlatforms) = postSolution
		{B4EF18C4-1892-4597-AD21-BD15D24E1E4A}.Debug|x64.ActiveCfg = Debug|x64
		{B4EF18C4-1892-4597-AD21-BD15D24E1E4A}.Debug|x64.Build.0 = Debug|x64
		{B4EF18C4-1892-4597-AD21-BD15D24E1E4A}.Release|x64.ActiveCfg = Release|x64
		{B4EF18C4-1892-4597-AD21-BD15D24E1E4A}.Release|x64.Build.0 = Release|x64
	EndGlobalSection
	GlobalSection(SolutionProperties) = preSolution
		HideSolutionNode = FALSE
	EndGlobalSection
	GlobalSection(ExtensibilityGlobals) = postSolution
		SolutionGuid = {48670B0D-64A5-4570-9913-654B7AFE2633}
	EndGlobalSection
EndGlobal
